
Microsoft Visual Studio Solution File, Format Version 9.00
# Visual Studio 2005
Project("{E24C65DC-7377-472B-9ABA-BC803B73C61A}") = "C:\...\Website\", "Website\", "{C6F683AE-BFD7-4218-8325-205F54617E43}"
	ProjectSection(WebsiteProperties) = preProject
		ProjectReferences = "{883BB573-BC35-4C64-94AE-59D49C82DA2D}|Reporting.dll;"
		Debug.AspNetCompiler.VirtualPath = "/Website"
		Debug.AspNetCompiler.PhysicalPath = "..\..\..\..\..\..\Book\Chapter 09\Sample Code\Website\"
		Debug.AspNetCompiler.TargetPath = "PrecompiledWeb\Website\"
		Debug.AspNetCompiler.Updateable = "true"
		Debug.AspNetCompiler.ForceOverwrite = "true"
		Debug.AspNetCompiler.FixedNames = "true"
		Debug.AspNetCompiler.Debug = "True"
		Release.AspNetCompiler.VirtualPath = "/Website"
		Release.AspNetCompiler.PhysicalPath = "..\..\..\..\..\..\Book\Chapter 09\Sample Code\Website\"
		Release.AspNetCompiler.TargetPath = "PrecompiledWeb\Website\"
		Release.AspNetCompiler.Updateable = "true"
		Release.AspNetCompiler.ForceOverwrite = "true"
		Release.AspNetCompiler.FixedNames = "true"
		Release.AspNetCompiler.Debug = "False"
		VWDPort = "4090"
	EndProjectSection
EndProject
Project("{F184B08F-C81C-45F6-A57F-5ABD9991F28F}") = "Reporting", "Reporting\Reporting.vbproj", "{883BB573-BC35-4C64-94AE-59D49C82DA2D}"
EndProject
Global
	GlobalSection(SolutionConfigurationPlatforms) = preSolution
		Debug|Any CPU = Debug|Any CPU
		Debug|Mixed Platforms = Debug|Mixed Platforms
		Release|Any CPU = Release|Any CPU
		Release|Mixed Platforms = Release|Mixed Platforms
	EndGlobalSection
	GlobalSection(ProjectConfigurationPlatforms) = postSolution
		{C6F683AE-BFD7-4218-8325-205F54617E43}.Debug|Any CPU.ActiveCfg = Debug|.NET
		{C6F683AE-BFD7-4218-8325-205F54617E43}.Debug|Any CPU.Build.0 = Debug|.NET
		{C6F683AE-BFD7-4218-8325-205F54617E43}.Debug|Mixed Platforms.ActiveCfg = Debug|.NET
		{C6F683AE-BFD7-4218-8325-205F54617E43}.Debug|Mixed Platforms.Build.0 = Debug|.NET
		{C6F683AE-BFD7-4218-8325-205F54617E43}.Release|Any CPU.ActiveCfg = Debug|.NET
		{C6F683AE-BFD7-4218-8325-205F54617E43}.Release|Any CPU.Build.0 = Debug|.NET
		{C6F683AE-BFD7-4218-8325-205F54617E43}.Release|Mixed Platforms.ActiveCfg = Debug|.NET
		{C6F683AE-BFD7-4218-8325-205F54617E43}.Release|Mixed Platforms.Build.0 = Debug|.NET
		{883BB573-BC35-4C64-94AE-59D49C82DA2D}.Debug|Any CPU.ActiveCfg = Debug|Any CPU
		{883BB573-BC35-4C64-94AE-59D49C82DA2D}.Debug|Mixed Platforms.ActiveCfg = Debug|Any CPU
		{883BB573-BC35-4C64-94AE-59D49C82DA2D}.Debug|Mixed Platforms.Build.0 = Debug|Any CPU
		{883BB573-BC35-4C64-94AE-59D49C82DA2D}.Release|Any CPU.ActiveCfg = Release|Any CPU
		{883BB573-BC35-4C64-94AE-59D49C82DA2D}.Release|Mixed Platforms.ActiveCfg = Release|Any CPU
		{883BB573-BC35-4C64-94AE-59D49C82DA2D}.Release|Mixed Platforms.Build.0 = Release|Any CPU
	EndGlobalSection
	GlobalSection(SolutionProperties) = preSolution
		HideSolutionNode = FALSE
	EndGlobalSection
EndGlobal
