
Microsoft Visual Studio Solution File, Format Version 9.00
# Visual Studio 2005
Project("{F184B08F-C81C-45F6-A57F-5ABD9991F28F}") = "SqlExceptionLogging", "SqlExceptionLogging\SqlExceptionLogging.vbproj", "{C2F81693-B0B4-44E5-93D7-33075E33744A}"
EndProject
Project("{E24C65DC-7377-472B-9ABA-BC803B73C61A}") = "C:\...\Website\", "Website\", "{8195DF36-2FBF-489B-BEF5-D3F14865F8F0}"
	ProjectSection(WebsiteProperties) = preProject
		ProjectReferences = "{C2F81693-B0B4-44E5-93D7-33075E33744A}|SqlExceptionLogging.dll;"
		Debug.AspNetCompiler.VirtualPath = "/Website"
		Debug.AspNetCompiler.PhysicalPath = "Website\"
		Debug.AspNetCompiler.TargetPath = "PrecompiledWeb\Website\"
		Debug.AspNetCompiler.Updateable = "true"
		Debug.AspNetCompiler.ForceOverwrite = "true"
		Debug.AspNetCompiler.FixedNames = "true"
		Debug.AspNetCompiler.Debug = "True"
		Release.AspNetCompiler.VirtualPath = "/Website"
		Release.AspNetCompiler.PhysicalPath = "Website\"
		Release.AspNetCompiler.TargetPath = "PrecompiledWeb\Website\"
		Release.AspNetCompiler.Updateable = "true"
		Release.AspNetCompiler.ForceOverwrite = "true"
		Release.AspNetCompiler.FixedNames = "true"
		Release.AspNetCompiler.Debug = "False"
		VWDPort = "1785"
	EndProjectSection
EndProject
Global
	GlobalSection(SolutionConfigurationPlatforms) = preSolution
		Debug|Any CPU = Debug|Any CPU
		Debug|Mixed Platforms = Debug|Mixed Platforms
		Release|Any CPU = Release|Any CPU
		Release|Mixed Platforms = Release|Mixed Platforms
	EndGlobalSection
	GlobalSection(ProjectConfigurationPlatforms) = postSolution
		{C2F81693-B0B4-44E5-93D7-33075E33744A}.Debug|Any CPU.ActiveCfg = Debug|Any CPU
		{C2F81693-B0B4-44E5-93D7-33075E33744A}.Debug|Mixed Platforms.ActiveCfg = Debug|Any CPU
		{C2F81693-B0B4-44E5-93D7-33075E33744A}.Debug|Mixed Platforms.Build.0 = Debug|Any CPU
		{C2F81693-B0B4-44E5-93D7-33075E33744A}.Release|Any CPU.ActiveCfg = Release|Any CPU
		{C2F81693-B0B4-44E5-93D7-33075E33744A}.Release|Mixed Platforms.ActiveCfg = Release|Any CPU
		{C2F81693-B0B4-44E5-93D7-33075E33744A}.Release|Mixed Platforms.Build.0 = Release|Any CPU
		{8195DF36-2FBF-489B-BEF5-D3F14865F8F0}.Debug|Any CPU.ActiveCfg = Debug|.NET
		{8195DF36-2FBF-489B-BEF5-D3F14865F8F0}.Debug|Any CPU.Build.0 = Debug|.NET
		{8195DF36-2FBF-489B-BEF5-D3F14865F8F0}.Debug|Mixed Platforms.ActiveCfg = Debug|.NET
		{8195DF36-2FBF-489B-BEF5-D3F14865F8F0}.Debug|Mixed Platforms.Build.0 = Debug|.NET
		{8195DF36-2FBF-489B-BEF5-D3F14865F8F0}.Release|Any CPU.ActiveCfg = Debug|.NET
		{8195DF36-2FBF-489B-BEF5-D3F14865F8F0}.Release|Any CPU.Build.0 = Debug|.NET
		{8195DF36-2FBF-489B-BEF5-D3F14865F8F0}.Release|Mixed Platforms.ActiveCfg = Debug|.NET
		{8195DF36-2FBF-489B-BEF5-D3F14865F8F0}.Release|Mixed Platforms.Build.0 = Debug|.NET
	EndGlobalSection
	GlobalSection(SolutionProperties) = preSolution
		HideSolutionNode = FALSE
	EndGlobalSection
EndGlobal
