
Microsoft Visual Studio Solution File, Format Version 9.00
# Visual Studio 2005
Project("{E24C65DC-7377-472B-9ABA-BC803B73C61A}") = "C:\...\Website\", "Website\", "{3B97B629-34B8-4D99-A670-D26FDF1ABCCA}"
	ProjectSection(WebsiteProperties) = preProject
		ProjectReferences = "{56329FFA-B2EB-44C1-BF29-194893D08F31}|IconConfiguration.dll;"
		Debug.AspNetCompiler.VirtualPath = "/Website"
		Debug.AspNetCompiler.PhysicalPath = "Website\"
		Debug.AspNetCompiler.TargetPath = "PrecompiledWeb\Website\"
		Debug.AspNetCompiler.Updateable = "true"
		Debug.AspNetCompiler.ForceOverwrite = "true"
		Debug.AspNetCompiler.FixedNames = "true"
		Debug.AspNetCompiler.Debug = "True"
		Release.AspNetCompiler.VirtualPath = "/Website"
		Release.AspNetCompiler.PhysicalPath = "Website\"
		Release.AspNetCompiler.TargetPath = "PrecompiledWeb\Website\"
		Release.AspNetCompiler.Updateable = "true"
		Release.AspNetCompiler.ForceOverwrite = "true"
		Release.AspNetCompiler.FixedNames = "true"
		Release.AspNetCompiler.Debug = "False"
		VWDPort = "16900"
	EndProjectSection
EndProject
Project("{F184B08F-C81C-45F6-A57F-5ABD9991F28F}") = "IconConfiguration", "IconConfiguration\IconConfiguration.vbproj", "{56329FFA-B2EB-44C1-BF29-194893D08F31}"
EndProject
Global
	GlobalSection(SolutionConfigurationPlatforms) = preSolution
		Debug|Any CPU = Debug|Any CPU
		Debug|Mixed platforms = Debug|Mixed platforms
	EndGlobalSection
	GlobalSection(ProjectConfigurationPlatforms) = postSolution
		{3B97B629-34B8-4D99-A670-D26FDF1ABCCA}.Debug|Any CPU.ActiveCfg = Debug|.NET
		{3B97B629-34B8-4D99-A670-D26FDF1ABCCA}.Debug|Any CPU.Build.0 = Debug|.NET
		{3B97B629-34B8-4D99-A670-D26FDF1ABCCA}.Debug|Mixed platforms.ActiveCfg = Debug|.NET
		{3B97B629-34B8-4D99-A670-D26FDF1ABCCA}.Debug|Mixed platforms.Build.0 = Debug|.NET
		{56329FFA-B2EB-44C1-BF29-194893D08F31}.Debug|Any CPU.ActiveCfg = Debug|Any CPU
		{56329FFA-B2EB-44C1-BF29-194893D08F31}.Debug|Mixed platforms.ActiveCfg = Debug|Any CPU
		{56329FFA-B2EB-44C1-BF29-194893D08F31}.Debug|Mixed platforms.Build.0 = Debug|Any CPU
	EndGlobalSection
	GlobalSection(SolutionProperties) = preSolution
		HideSolutionNode = FALSE
	EndGlobalSection
EndGlobal
